Microsoft Visual Studio Solution File, Format Version 12.00
# Visual Studio 2012
Project("{FAE04EC0-301F-11D3-BF4B-00C04F79EFBC}") = "SparkHacks2026", "SparkHacks2026.csproj", "{B63079BE-630A-4410-9CC7-AD5CE124992C}"
EndProject
Global
	GlobalSection(SolutionConfigurationPlatforms) = preSolution
	Debug|Any CPU = Debug|Any CPU
	ExportDebug|Any CPU = ExportDebug|Any CPU
	ExportRelease|Any CPU = ExportRelease|Any CPU
	EndGlobalSection
	GlobalSection(ProjectConfigurationPlatforms) = postSolution
		{B63079BE-630A-4410-9CC7-AD5CE124992C}.Debug|Any CPU.ActiveCfg = Debug|Any CPU
		{B63079BE-630A-4410-9CC7-AD5CE124992C}.Debug|Any CPU.Build.0 = Debug|Any CPU
		{B63079BE-630A-4410-9CC7-AD5CE124992C}.ExportDebug|Any CPU.ActiveCfg = ExportDebug|Any CPU
		{B63079BE-630A-4410-9CC7-AD5CE124992C}.ExportDebug|Any CPU.Build.0 = ExportDebug|Any CPU
		{B63079BE-630A-4410-9CC7-AD5CE124992C}.ExportRelease|Any CPU.ActiveCfg = ExportRelease|Any CPU
		{B63079BE-630A-4410-9CC7-AD5CE124992C}.ExportRelease|Any CPU.Build.0 = ExportRelease|Any CPU
	EndGlobalSection
EndGlobal
